
Microsoft Visual Studio Solution File, Format Version 12.00
# Visual Studio Version 17
VisualStudioVersion = 17.10.35027.167
MinimumVisualStudioVersion = 10.0.40219.1
Project("{FAE04EC0-301F-11D3-BF4B-00C04F79EFBC}") = "kurs", "kurs\kurs.csproj", "{B49FABE1-9B7D-4CB5-A62F-3623C97A3A68}"
EndProject
Global
	GlobalSection(SolutionConfigurationPlatforms) = preSolution
		Debug|Any CPU = Debug|Any CPU
		Release|Any CPU = Release|Any CPU
	EndGlobalSection
	GlobalSection(ProjectConfigurationPlatforms) = postSolution
		{B49FABE1-9B7D-4CB5-A62F-3623C97A3A68}.Debug|Any CPU.ActiveCfg = Debug|Any CPU
		{B49FABE1-9B7D-4CB5-A62F-3623C97A3A68}.Debug|Any CPU.Build.0 = Debug|Any CPU
		{B49FABE1-9B7D-4CB5-A62F-3623C97A3A68}.Release|Any CPU.ActiveCfg = Release|Any CPU
		{B49FABE1-9B7D-4CB5-A62F-3623C97A3A68}.Release|Any CPU.Build.0 = Release|Any CPU
	EndGlobalSection
	GlobalSection(SolutionProperties) = preSolution
		HideSolutionNode = FALSE
	EndGlobalSection
	GlobalSection(ExtensibilityGlobals) = postSolution
		SolutionGuid = {EDBF1D13-A548-4DE4-A602-F1CA4D0C1ACC}
	EndGlobalSection
EndGlobal
